# This file is automatically @generated by Cargo.
# It is not intended for manual editing.
version = 3

[[package]]
name = "a"
version = "0.1.0"

[[package]]
name = "a-fuzz"
version = "0.0.0"
dependencies = [
 "a",
 "bincode",
 "cargo-libafl-helper",
]

[[package]]
name = "arbitrary"
version = "1.2.3"
source = "registry+https://github.com/rust-lang/crates.io-index"
checksum = "3e90af4de65aa7b293ef2d09daff88501eb254f58edde2e1ac02c82d873eadad"

[[package]]
name = "bincode"
version = "1.3.3"
source = "registry+https://github.com/rust-lang/crates.io-index"
checksum = "b1f45e9417d87227c7a56d22e471c6206462cba514c7590c09aff4cf6d1ddcad"
dependencies = [
 "serde",
]

[[package]]
name = "cargo-libafl-helper"
version = "0.1.0"
source = "registry+https://github.com/rust-lang/crates.io-index"
checksum = "f7ed430f296ef1e603d77188f0b71b644c69d8162c830704c160f7c2f7718ff8"
dependencies = [
 "arbitrary",
 "once_cell",
]

[[package]]
name = "once_cell"
version = "1.17.0"
source = "registry+https://github.com/rust-lang/crates.io-index"
checksum = "6f61fba1741ea2b3d6a1e3178721804bb716a68a6aeba1149b5d52e3d464ea66"

[[package]]
name = "serde"
version = "1.0.152"
source = "registry+https://github.com/rust-lang/crates.io-index"
checksum = "bb7d1f0d3021d347a83e556fc4683dea2ea09d87bccdf88ff5c12545d89d5efb"
